
Microsoft Visual Studio Solution File, Format Version 12.00
# Visual Studio Version 17
VisualStudioVersion = 17.1.32414.318
MinimumVisualStudioVersion = 10.0.40219.1
Project("{9A19103F-16F7-4668-BE54-9A1E7A4F7556}") = "Plantjes", "Plantjes\Plantjes.csproj", "{71E708DA-857C-4727-BBB2-7BACFCB9518D}"
EndProject
Project("{FAE04EC0-301F-11D3-BF4B-00C04F79EFBC}") = "Plantjes.DevUtils", "Plantjes.DevUtils\Plantjes.DevUtils.csproj", "{F9B4F397-96CA-4F67-9C9A-A368BF80C90F}"
EndProject
Global
	GlobalSection(SolutionConfigurationPlatforms) = preSolution
		Debug Auto Login|Any CPU = Debug Auto Login|Any CPU
		Debug|Any CPU = Debug|Any CPU
		Release|Any CPU = Release|Any CPU
	EndGlobalSection
	GlobalSection(ProjectConfigurationPlatforms) = postSolution
		{71E708DA-857C-4727-BBB2-7BACFCB9518D}.Debug Auto Login|Any CPU.ActiveCfg = Debug Auto Login|Any CPU
		{71E708DA-857C-4727-BBB2-7BACFCB9518D}.Debug Auto Login|Any CPU.Build.0 = Debug Auto Login|Any CPU
		{71E708DA-857C-4727-BBB2-7BACFCB9518D}.Debug|Any CPU.ActiveCfg = Debug|Any CPU
		{71E708DA-857C-4727-BBB2-7BACFCB9518D}.Debug|Any CPU.Build.0 = Debug|Any CPU
		{71E708DA-857C-4727-BBB2-7BACFCB9518D}.Release|Any CPU.ActiveCfg = Release|Any CPU
		{71E708DA-857C-4727-BBB2-7BACFCB9518D}.Release|Any CPU.Build.0 = Release|Any CPU
		{F9B4F397-96CA-4F67-9C9A-A368BF80C90F}.Debug Auto Login|Any CPU.ActiveCfg = Debug|Any CPU
		{F9B4F397-96CA-4F67-9C9A-A368BF80C90F}.Debug Auto Login|Any CPU.Build.0 = Debug|Any CPU
		{F9B4F397-96CA-4F67-9C9A-A368BF80C90F}.Debug|Any CPU.ActiveCfg = Debug|Any CPU
		{F9B4F397-96CA-4F67-9C9A-A368BF80C90F}.Debug|Any CPU.Build.0 = Debug|Any CPU
		{F9B4F397-96CA-4F67-9C9A-A368BF80C90F}.Release|Any CPU.ActiveCfg = Release|Any CPU
		{F9B4F397-96CA-4F67-9C9A-A368BF80C90F}.Release|Any CPU.Build.0 = Release|Any CPU
	EndGlobalSection
	GlobalSection(SolutionProperties) = preSolution
		HideSolutionNode = FALSE
	EndGlobalSection
	GlobalSection(ExtensibilityGlobals) = postSolution
		SolutionGuid = {F9A76709-69E5-40D2-AB00-5104557E98C4}
	EndGlobalSection
EndGlobal
